
Microsoft Visual Studio Solution File, Format Version 12.00
# Visual Studio Version 17
VisualStudioVersion = 17.7.34031.279
MinimumVisualStudioVersion = 10.0.40219.1
Project("{FAE04EC0-301F-11D3-BF4B-00C04F79EFBC}") = "Number_generator", "Number_generator.csproj", "{77051FAB-AB1F-467A-897F-EC4A84F6C3D2}"
EndProject
Global
	GlobalSection(SolutionConfigurationPlatforms) = preSolution
		Debug|Any CPU = Debug|Any CPU
		Release|Any CPU = Release|Any CPU
	EndGlobalSection
	GlobalSection(ProjectConfigurationPlatforms) = postSolution
		{77051FAB-AB1F-467A-897F-EC4A84F6C3D2}.Debug|Any CPU.ActiveCfg = Debug|Any CPU
		{77051FAB-AB1F-467A-897F-EC4A84F6C3D2}.Debug|Any CPU.Build.0 = Debug|Any CPU
		{77051FAB-AB1F-467A-897F-EC4A84F6C3D2}.Release|Any CPU.ActiveCfg = Release|Any CPU
		{77051FAB-AB1F-467A-897F-EC4A84F6C3D2}.Release|Any CPU.Build.0 = Release|Any CPU
	EndGlobalSection
	GlobalSection(SolutionProperties) = preSolution
		HideSolutionNode = FALSE
	EndGlobalSection
	GlobalSection(ExtensibilityGlobals) = postSolution
		SolutionGuid = {0BECDC25-1E74-4A3F-B18D-48AB85800016}
	EndGlobalSection
EndGlobal
